{
  "requires": true,
  "lockfileVersion": 1,
  "dependencies": {
    "stickybits": {
      "version": "3.7.0",
      "resolved": "https://registry.npmjs.org/stickybits/-/stickybits-3.7.0.tgz",
      "integrity": "sha512-tdoZF8rtHsfK6eJMXS7mdToJqgb8Wk/XCOLqQBkfzp2HWW2oEyODNh//TrWu+s0GUICBZlk4nUpfC4oT76QhkA==",
      "dev": true
    }
  }
}
